{
  "version": 4,
  "terraform_version": "0.15.4",
  "serial": 18,
  "lineage": "6225d902-dbec-f8b1-1fd1-5a090978d411",
  "outputs": {},
  "resources": [
    {
      "mode": "managed",
      "type": "gitlab_group",
      "name": "Admins",
      "provider": "provider[\"registry.terraform.io/gitlabhq/gitlab\"]",
      "instances": [
        {
          "schema_version": 0,
          "attributes": {
            "auto_devops_enabled": false,
            "description": "Second group",
            "emails_disabled": false,
            "full_name": "Admins",
            "full_path": "example1",
            "id": "6",
            "lfs_enabled": true,
            "mentions_disabled": false,
            "name": "Admins",
            "parent_id": 0,
            "path": "example1",
            "project_creation_level": "maintainer",
            "request_access_enabled": false,
            "require_two_factor_authentication": false,
            "runners_token": "fkc6BMrF_ctBbiACzet6",
            "share_with_group_lock": false,
            "subgroup_creation_level": "owner",
            "two_factor_grace_period": 48,
            "visibility_level": "private",
            "web_url": "http://65.2.79.233/groups/example1"
          },
          "sensitive_attributes": [],
          "private": "bnVsbA=="
        }
      ]
    },
    {
      "mode": "managed",
      "type": "gitlab_group",
      "name": "Devs",
      "provider": "provider[\"registry.terraform.io/gitlabhq/gitlab\"]",
      "instances": [
        {
          "schema_version": 0,
          "attributes": {
            "auto_devops_enabled": false,
            "description": "First group",
            "emails_disabled": false,
            "full_name": "Devs",
            "full_path": "example",
            "id": "8",
            "lfs_enabled": true,
            "mentions_disabled": false,
            "name": "Devs",
            "parent_id": 0,
            "path": "example",
            "project_creation_level": "maintainer",
            "request_access_enabled": false,
            "require_two_factor_authentication": false,
            "runners_token": "o38BX2B2yxVWy6eht53H",
            "share_with_group_lock": false,
            "subgroup_creation_level": "owner",
            "two_factor_grace_period": 48,
            "visibility_level": "private",
            "web_url": "http://65.2.79.233/groups/example"
          },
          "sensitive_attributes": [],
          "private": "bnVsbA=="
        }
      ]
    },
    {
      "mode": "managed",
      "type": "gitlab_group_membership",
      "name": "gm-1",
      "provider": "provider[\"registry.terraform.io/gitlabhq/gitlab\"]",
      "instances": [
        {
          "schema_version": 0,
          "attributes": {
            "access_level": "guest",
            "expires_at": "",
            "group_id": "6",
            "id": "6:4",
            "user_id": 4
          },
          "sensitive_attributes": [],
          "private": "bnVsbA=="
        }
      ]
    },
    {
      "mode": "managed",
      "type": "gitlab_group_membership",
      "name": "gm-2",
      "provider": "provider[\"registry.terraform.io/gitlabhq/gitlab\"]",
      "instances": [
        {
          "schema_version": 0,
          "attributes": {
            "access_level": "guest",
            "expires_at": "",
            "group_id": "8",
            "id": "8:5",
            "user_id": 5
          },
          "sensitive_attributes": [],
          "private": "bnVsbA=="
        }
      ]
    },
    {
      "mode": "managed",
      "type": "gitlab_project",
      "name": "project_1",
      "provider": "provider[\"registry.terraform.io/gitlabhq/gitlab\"]",
      "instances": [
        {
          "schema_version": 0,
          "attributes": {
            "approvals_before_merge": 0,
            "archived": false,
            "container_registry_enabled": true,
            "default_branch": "",
            "description": "",
            "group_with_project_templates_id": null,
            "http_url_to_repo": "http://65.2.79.233/root/project_1.git",
            "id": "9",
            "import_url": null,
            "initialize_with_readme": null,
            "issues_enabled": true,
            "lfs_enabled": true,
            "merge_method": "merge",
            "merge_requests_enabled": true,
            "mirror": false,
            "mirror_overwrites_diverged_branches": false,
            "mirror_trigger_builds": false,
            "name": "project_1",
            "namespace_id": 1,
            "only_allow_merge_if_all_discussions_are_resolved": false,
            "only_allow_merge_if_pipeline_succeeds": false,
            "only_mirror_protected_branches": false,
            "packages_enabled": true,
            "pages_access_level": "private",
            "path": "project_1",
            "path_with_namespace": "root/project_1",
            "pipelines_enabled": true,
            "push_rules": [],
            "remove_source_branch_after_merge": false,
            "request_access_enabled": true,
            "runners_token": "2YJ5-fyaSgKDUs5F19md",
            "shared_runners_enabled": false,
            "snippets_enabled": true,
            "ssh_url_to_repo": "git@65.2.79.233:root/project_1.git",
            "tags": [],
            "template_name": null,
            "template_project_id": null,
            "use_custom_template": null,
            "visibility_level": "private",
            "web_url": "http://65.2.79.233/root/project_1",
            "wiki_enabled": true
          },
          "sensitive_attributes": [],
          "private": "bnVsbA=="
        }
      ]
    },
    {
      "mode": "managed",
      "type": "gitlab_project",
      "name": "project_2",
      "provider": "provider[\"registry.terraform.io/gitlabhq/gitlab\"]",
      "instances": [
        {
          "schema_version": 0,
          "attributes": {
            "approvals_before_merge": 0,
            "archived": false,
            "container_registry_enabled": true,
            "default_branch": "",
            "description": "",
            "group_with_project_templates_id": null,
            "http_url_to_repo": "http://65.2.79.233/root/project_2.git",
            "id": "10",
            "import_url": null,
            "initialize_with_readme": null,
            "issues_enabled": true,
            "lfs_enabled": true,
            "merge_method": "merge",
            "merge_requests_enabled": true,
            "mirror": false,
            "mirror_overwrites_diverged_branches": false,
            "mirror_trigger_builds": false,
            "name": "project_2",
            "namespace_id": 1,
            "only_allow_merge_if_all_discussions_are_resolved": false,
            "only_allow_merge_if_pipeline_succeeds": false,
            "only_mirror_protected_branches": false,
            "packages_enabled": true,
            "pages_access_level": "private",
            "path": "project_2",
            "path_with_namespace": "root/project_2",
            "pipelines_enabled": true,
            "push_rules": [],
            "remove_source_branch_after_merge": false,
            "request_access_enabled": true,
            "runners_token": "2wehsbHspKEhiHknMV7t",
            "shared_runners_enabled": false,
            "snippets_enabled": true,
            "ssh_url_to_repo": "git@65.2.79.233:root/project_2.git",
            "tags": [],
            "template_name": null,
            "template_project_id": null,
            "use_custom_template": null,
            "visibility_level": "private",
            "web_url": "http://65.2.79.233/root/project_2",
            "wiki_enabled": true
          },
          "sensitive_attributes": [],
          "private": "bnVsbA=="
        }
      ]
    },
    {
      "mode": "managed",
      "type": "gitlab_user",
      "name": "user-1",
      "provider": "provider[\"registry.terraform.io/gitlabhq/gitlab\"]",
      "instances": [
        {
          "schema_version": 0,
          "attributes": {
            "can_create_group": false,
            "email": "akashca@codemancers.com",
            "id": "4",
            "is_admin": true,
            "is_external": true,
            "name": "user-1",
            "note": "",
            "password": "Password1",
            "projects_limit": 4,
            "reset_password": false,
            "skip_confirmation": true,
            "username": "test1"
          },
          "sensitive_attributes": [],
          "private": "bnVsbA=="
        }
      ]
    },
    {
      "mode": "managed",
      "type": "gitlab_user",
      "name": "user-2",
      "provider": "provider[\"registry.terraform.io/gitlabhq/gitlab\"]",
      "instances": [
        {
          "schema_version": 0,
          "attributes": {
            "can_create_group": false,
            "email": "bipinoctca@gmail.com",
            "id": "5",
            "is_admin": true,
            "is_external": true,
            "name": "user-2",
            "note": "",
            "password": "Password2",
            "projects_limit": 4,
            "reset_password": false,
            "skip_confirmation": true,
            "username": "test2"
          },
          "sensitive_attributes": [],
          "private": "bnVsbA=="
        }
      ]
    }
  ]
}
